
Microsoft Visual Studio Solution File, Format Version 12.00
# Visual Studio Version 17
VisualStudioVersion = 17.0.31919.166
MinimumVisualStudioVersion = 10.0.40219.1
Project("{FAE04EC0-301F-11D3-BF4B-00C04F79EFBC}") = "LinecomparisonProject", "LinecomparisonProject.csproj", "{885016DE-EADC-4ACC-B458-410853BA537A}"
EndProject
Global
	GlobalSection(SolutionConfigurationPlatforms) = preSolution
		Debug|Any CPU = Debug|Any CPU
		Release|Any CPU = Release|Any CPU
	EndGlobalSection
	GlobalSection(ProjectConfigurationPlatforms) = postSolution
		{885016DE-EADC-4ACC-B458-410853BA537A}.Debug|Any CPU.ActiveCfg = Debug|Any CPU
		{885016DE-EADC-4ACC-B458-410853BA537A}.Debug|Any CPU.Build.0 = Debug|Any CPU
		{885016DE-EADC-4ACC-B458-410853BA537A}.Release|Any CPU.ActiveCfg = Release|Any CPU
		{885016DE-EADC-4ACC-B458-410853BA537A}.Release|Any CPU.Build.0 = Release|Any CPU
	EndGlobalSection
	GlobalSection(SolutionProperties) = preSolution
		HideSolutionNode = FALSE
	EndGlobalSection
	GlobalSection(ExtensibilityGlobals) = postSolution
		SolutionGuid = {28AC1B1B-0CA5-41F9-A8F0-F5533DD17E0F}
	EndGlobalSection
EndGlobal
